
Microsoft Visual Studio Solution File, Format Version 12.00
# Visual Studio Version 17
VisualStudioVersion = 17.13.35825.156 d17.13
MinimumVisualStudioVersion = 10.0.40219.1
Project("{FAE04EC0-301F-11D3-BF4B-00C04F79EFBC}") = "Zadanie3_saper", "Zadanie3_saper\Zadanie3_saper.csproj", "{51CBF3A1-41F6-46BC-BAB9-F9011198B51A}"
EndProject
Global
	GlobalSection(SolutionConfigurationPlatforms) = preSolution
		Debug|Any CPU = Debug|Any CPU
		Release|Any CPU = Release|Any CPU
	EndGlobalSection
	GlobalSection(ProjectConfigurationPlatforms) = postSolution
		{51CBF3A1-41F6-46BC-BAB9-F9011198B51A}.Debug|Any CPU.ActiveCfg = Debug|Any CPU
		{51CBF3A1-41F6-46BC-BAB9-F9011198B51A}.Debug|Any CPU.Build.0 = Debug|Any CPU
		{51CBF3A1-41F6-46BC-BAB9-F9011198B51A}.Release|Any CPU.ActiveCfg = Release|Any CPU
		{51CBF3A1-41F6-46BC-BAB9-F9011198B51A}.Release|Any CPU.Build.0 = Release|Any CPU
	EndGlobalSection
	GlobalSection(SolutionProperties) = preSolution
		HideSolutionNode = FALSE
	EndGlobalSection
	GlobalSection(ExtensibilityGlobals) = postSolution
		SolutionGuid = {90189A96-080E-4948-88D9-0F0B5FAFFF0C}
	EndGlobalSection
EndGlobal
